# This file is automatically @generated by Poetry 2.1.1 and should not be changed by hand.

[[package]]
name = "segno"
version = "1.6.6"
description = "QR Code and Micro QR Code generator for Python"
optional = false
python-versions = ">=3.5"
groups = ["main"]
files = [
    {file = "segno-1.6.6-py3-none-any.whl", hash = "sha256:28c7d081ed0cf935e0411293a465efd4d500704072cdb039778a2ab8736190c7"},
    {file = "segno-1.6.6.tar.gz", hash = "sha256:e60933afc4b52137d323a4434c8340e0ce1e58cec71439e46680d4db188f11b3"},
]

[metadata]
lock-version = "2.1"
python-versions = ">=3.12"
content-hash = "8f8f5b160e2e5e1c004c46f12af88dbf77c2db50971a04187f500eed6fde5777"
